{
  "name": "desgin-duck",
  "lockfileVersion": 3,
  "requires": true,
  "packages": {
    "": {
      "dependencies": {
        "design-duck": "github:ma-cohen/desgin-duck#main"
      }
    },
    "node_modules/design-duck": {
      "version": "1.0.0",
      "resolved": "git+ssh://git@github.com/ma-cohen/desgin-duck.git#fdbd5a38d3dea238c3898c227955b1c3437bd9b2",
      "license": "MIT",
      "bin": {
        "design-duck": "dist/cli.js"
      },
      "engines": {
        "node": ">=18"
      }
    }
  }
}
